{
  "name": "gloom",
  "version": "1.0.0",
  "lockfileVersion": 1,
  "requires": true,
  "dependencies": {
    "pencl-kit": {
      "version": "git+https://github.com/TerraZero/pencl-kit.git#9a8f90d60a51b1936b41339acee1041bfec27b37",
      "from": "git+https://github.com/TerraZero/pencl-kit.git"
    }
  }
}
